
Microsoft Visual Studio Solution File, Format Version 12.00
# Visual Studio Version 17
VisualStudioVersion = 17.8.34330.188
MinimumVisualStudioVersion = 10.0.40219.1
Project("{9A19103F-16F7-4668-BE54-9A1E7A4F7556}") = "PlakDukkaniREPO", "PlakDukkaniREPO\PlakDukkaniREPO.csproj", "{B96B63F9-9928-4B10-A025-7737F08F1746}"
EndProject
Project("{9A19103F-16F7-4668-BE54-9A1E7A4F7556}") = "PlakDukkaniSERVICE", "PlakDukkaniSERVICE\PlakDukkaniSERVICE.csproj", "{C18E0FA4-88F0-4C0A-B268-9C689C3CDE84}"
EndProject
Project("{9A19103F-16F7-4668-BE54-9A1E7A4F7556}") = "PlakDukkaniUI", "PlakDukkaniUI\PlakDukkaniUI.csproj", "{9F36930A-FDDB-4842-9C89-830B57AA2FFE}"
EndProject
Project("{9A19103F-16F7-4668-BE54-9A1E7A4F7556}") = "PlakDükkaniDATA", "PlakDukkaniDATA\PlakDükkaniDATA.csproj", "{713FE9DA-7335-40C6-85AE-5E4570D07888}"
EndProject
Global
	GlobalSection(SolutionConfigurationPlatforms) = preSolution
		Debug|Any CPU = Debug|Any CPU
		Release|Any CPU = Release|Any CPU
	EndGlobalSection
	GlobalSection(ProjectConfigurationPlatforms) = postSolution
		{B96B63F9-9928-4B10-A025-7737F08F1746}.Debug|Any CPU.ActiveCfg = Debug|Any CPU
		{B96B63F9-9928-4B10-A025-7737F08F1746}.Debug|Any CPU.Build.0 = Debug|Any CPU
		{B96B63F9-9928-4B10-A025-7737F08F1746}.Release|Any CPU.ActiveCfg = Release|Any CPU
		{B96B63F9-9928-4B10-A025-7737F08F1746}.Release|Any CPU.Build.0 = Release|Any CPU
		{C18E0FA4-88F0-4C0A-B268-9C689C3CDE84}.Debug|Any CPU.ActiveCfg = Debug|Any CPU
		{C18E0FA4-88F0-4C0A-B268-9C689C3CDE84}.Debug|Any CPU.Build.0 = Debug|Any CPU
		{C18E0FA4-88F0-4C0A-B268-9C689C3CDE84}.Release|Any CPU.ActiveCfg = Release|Any CPU
		{C18E0FA4-88F0-4C0A-B268-9C689C3CDE84}.Release|Any CPU.Build.0 = Release|Any CPU
		{9F36930A-FDDB-4842-9C89-830B57AA2FFE}.Debug|Any CPU.ActiveCfg = Debug|Any CPU
		{9F36930A-FDDB-4842-9C89-830B57AA2FFE}.Debug|Any CPU.Build.0 = Debug|Any CPU
		{9F36930A-FDDB-4842-9C89-830B57AA2FFE}.Release|Any CPU.ActiveCfg = Release|Any CPU
		{9F36930A-FDDB-4842-9C89-830B57AA2FFE}.Release|Any CPU.Build.0 = Release|Any CPU
		{713FE9DA-7335-40C6-85AE-5E4570D07888}.Debug|Any CPU.ActiveCfg = Debug|Any CPU
		{713FE9DA-7335-40C6-85AE-5E4570D07888}.Debug|Any CPU.Build.0 = Debug|Any CPU
		{713FE9DA-7335-40C6-85AE-5E4570D07888}.Release|Any CPU.ActiveCfg = Release|Any CPU
		{713FE9DA-7335-40C6-85AE-5E4570D07888}.Release|Any CPU.Build.0 = Release|Any CPU
	EndGlobalSection
	GlobalSection(SolutionProperties) = preSolution
		HideSolutionNode = FALSE
	EndGlobalSection
	GlobalSection(ExtensibilityGlobals) = postSolution
		SolutionGuid = {ABDBFECA-401A-4D9E-A200-BDF260422177}
	EndGlobalSection
EndGlobal
